
Microsoft Visual Studio Solution File, Format Version 12.00
# Visual Studio Version 16
VisualStudioVersion = 16.0.28803.916
MinimumVisualStudioVersion = 10.0.40219.1
Project("{FAE04EC0-301F-11D3-BF4B-00C04F79EFBC}") = "Sricafe", "Sricafe\Sricafe.csproj", "{AB235D90-D5E1-4175-844A-4171273F1E89}"
EndProject
Global
	GlobalSection(SolutionConfigurationPlatforms) = preSolution
		Debug|Any CPU = Debug|Any CPU
		Release|Any CPU = Release|Any CPU
	EndGlobalSection
	GlobalSection(ProjectConfigurationPlatforms) = postSolution
		{AB235D90-D5E1-4175-844A-4171273F1E89}.Debug|Any CPU.ActiveCfg = Debug|Any CPU
		{AB235D90-D5E1-4175-844A-4171273F1E89}.Debug|Any CPU.Build.0 = Debug|Any CPU
		{AB235D90-D5E1-4175-844A-4171273F1E89}.Release|Any CPU.ActiveCfg = Release|Any CPU
		{AB235D90-D5E1-4175-844A-4171273F1E89}.Release|Any CPU.Build.0 = Release|Any CPU
	EndGlobalSection
	GlobalSection(SolutionProperties) = preSolution
		HideSolutionNode = FALSE
	EndGlobalSection
	GlobalSection(ExtensibilityGlobals) = postSolution
		SolutionGuid = {8AB80B07-A3A8-4349-AD35-AC499FF045E5}
	EndGlobalSection
EndGlobal
